
Microsoft Visual Studio Solution File, Format Version 11.00
# Visual Basic Express 2010
Project("{F184B08F-C81C-45F6-A57F-5ABD9991F28F}") = "PosSystem", "PosSystem\PosSystem.vbproj", "{58469E25-EFCC-49BE-8064-6E6D811457BA}"
EndProject
Global
	GlobalSection(SolutionConfigurationPlatforms) = preSolution
		Debug|x86 = Debug|x86
		Release|x86 = Release|x86
	EndGlobalSection
	GlobalSection(ProjectConfigurationPlatforms) = postSolution
		{58469E25-EFCC-49BE-8064-6E6D811457BA}.Debug|x86.ActiveCfg = Debug|x86
		{58469E25-EFCC-49BE-8064-6E6D811457BA}.Debug|x86.Build.0 = Debug|x86
		{58469E25-EFCC-49BE-8064-6E6D811457BA}.Release|x86.ActiveCfg = Release|x86
		{58469E25-EFCC-49BE-8064-6E6D811457BA}.Release|x86.Build.0 = Release|x86
	EndGlobalSection
	GlobalSection(SolutionProperties) = preSolution
		HideSolutionNode = FALSE
	EndGlobalSection
EndGlobal
